NeoBundleLock jedi-vim bf4a8bfd5a416000e7d57f8a961f72c351cd4b15
NeoBundleLock neobundle.vim c00b40688f335a2e116726c2f8e727fad6f03e4f
NeoBundleLock neosnippet.vim 811176b29b1a60a164c9878f8dcbe4a680ee32e5
NeoBundleLock syntastic 6b76c26cbaa2565387b62c7a7af9a56402dcf297
NeoBundleLock unite.vim cce4b6c222cdb0b88b72af1e81f2001a63ce1bc3
NeoBundleLock vim-autoclose a9a3b7384657bc1f60a963fd6c08c63fc48d61c3
NeoBundleLock vim-flake8 378c25cc58d82d5f2dcfa723f2f0d91f06a29200
